
Microsoft Visual Studio Solution File, Format Version 12.00
# Visual Studio Version 17
VisualStudioVersion = 17.2.32505.173
MinimumVisualStudioVersion = 10.0.40219.1
Project("{9A19103F-16F7-4668-BE54-9A1E7A4F7556}") = "EmployeesAPI", "src\EmployeesAPI\EmployeesAPI.csproj", "{B206B9C9-5333-444A-9224-A55CB71B94CD}"
EndProject
Project("{FAE04EC0-301F-11D3-BF4B-00C04F79EFBC}") = "EmployeesAPI.DAL", "src\EmployeesAPI.DAL\EmployeesAPI.DAL.csproj", "{55B2E296-5B16-4272-9AF7-185746FF666D}"
EndProject
Project("{FAE04EC0-301F-11D3-BF4B-00C04F79EFBC}") = "EmployeesAPI.Domain", "src\EmployeesAPI.Domain\EmployeesAPI.Domain.csproj", "{1F542E7D-626C-4825-9B4F-9E4CD2441872}"
EndProject
Project("{FAE04EC0-301F-11D3-BF4B-00C04F79EFBC}") = "EmployeeAPI.Tests", "tests\EmployeeAPI.Tests\EmployeeAPI.Tests.csproj", "{571C8E49-4F2C-424F-9212-48064BF0EAFD}"
EndProject
Global
	GlobalSection(SolutionConfigurationPlatforms) = preSolution
		Debug|Any CPU = Debug|Any CPU
		Release|Any CPU = Release|Any CPU
	EndGlobalSection
	GlobalSection(ProjectConfigurationPlatforms) = postSolution
		{B206B9C9-5333-444A-9224-A55CB71B94CD}.Debug|Any CPU.ActiveCfg = Debug|Any CPU
		{B206B9C9-5333-444A-9224-A55CB71B94CD}.Debug|Any CPU.Build.0 = Debug|Any CPU
		{B206B9C9-5333-444A-9224-A55CB71B94CD}.Release|Any CPU.ActiveCfg = Release|Any CPU
		{B206B9C9-5333-444A-9224-A55CB71B94CD}.Release|Any CPU.Build.0 = Release|Any CPU
		{55B2E296-5B16-4272-9AF7-185746FF666D}.Debug|Any CPU.ActiveCfg = Debug|Any CPU
		{55B2E296-5B16-4272-9AF7-185746FF666D}.Debug|Any CPU.Build.0 = Debug|Any CPU
		{55B2E296-5B16-4272-9AF7-185746FF666D}.Release|Any CPU.ActiveCfg = Release|Any CPU
		{55B2E296-5B16-4272-9AF7-185746FF666D}.Release|Any CPU.Build.0 = Release|Any CPU
		{1F542E7D-626C-4825-9B4F-9E4CD2441872}.Debug|Any CPU.ActiveCfg = Debug|Any CPU
		{1F542E7D-626C-4825-9B4F-9E4CD2441872}.Debug|Any CPU.Build.0 = Debug|Any CPU
		{1F542E7D-626C-4825-9B4F-9E4CD2441872}.Release|Any CPU.ActiveCfg = Release|Any CPU
		{1F542E7D-626C-4825-9B4F-9E4CD2441872}.Release|Any CPU.Build.0 = Release|Any CPU
		{571C8E49-4F2C-424F-9212-48064BF0EAFD}.Debug|Any CPU.ActiveCfg = Debug|Any CPU
		{571C8E49-4F2C-424F-9212-48064BF0EAFD}.Debug|Any CPU.Build.0 = Debug|Any CPU
		{571C8E49-4F2C-424F-9212-48064BF0EAFD}.Release|Any CPU.ActiveCfg = Release|Any CPU
		{571C8E49-4F2C-424F-9212-48064BF0EAFD}.Release|Any CPU.Build.0 = Release|Any CPU
	EndGlobalSection
	GlobalSection(SolutionProperties) = preSolution
		HideSolutionNode = FALSE
	EndGlobalSection
	GlobalSection(ExtensibilityGlobals) = postSolution
		SolutionGuid = {B721A761-12AF-45B9-A6CF-D621AF497E95}
	EndGlobalSection
EndGlobal
